Microsoft Visual Studio Solution File, Format Version 12.00
# Visual Studio Version 17
VisualStudioVersion = 17.0.31611.283
MinimumVisualStudioVersion = 10.0.40219.1
Project("{9A19103F-16F7-4668-BE54-9A1E7A4F7556}") = "FleetManager.MAUI", "FleetManager.MAUI\FleetManager.MAUI.csproj", "{822161B2-2618-4FE1-9DB0-B4D1678BD921}"
EndProject
Project("{9A19103F-16F7-4668-BE54-9A1E7A4F7556}") = "BlazorLeafletMap", "BlazorLeafletMap\BlazorLeafletMap.csproj", "{10E642CB-8D5E-4A27-B17A-1A605FEBEF77}"
EndProject
Project("{9A19103F-16F7-4668-BE54-9A1E7A4F7556}") = "BlazorJsInteropGenerator", "BlazorJsInteropGenerator\BlazorJsInteropGenerator.csproj", "{0499DDB1-B0B2-46CC-B4F8-5F5005800604}"
EndProject
Project("{FAE04EC0-301F-11D3-BF4B-00C04F79EFBC}") = "FleetManager.YachtsContext", "FleetManager.DbContext\FleetManager.YachtsContext.csproj", "{1C7EC1D1-CF85-483A-86AE-1F3A945A751D}"
EndProject
Global
	GlobalSection(SolutionConfigurationPlatforms) = preSolution
		Debug|Any CPU = Debug|Any CPU
		Release|Any CPU = Release|Any CPU
	EndGlobalSection
	GlobalSection(ProjectConfigurationPlatforms) = postSolution
		{822161B2-2618-4FE1-9DB0-B4D1678BD921}.Debug|Any CPU.ActiveCfg = Debug|Any CPU
		{822161B2-2618-4FE1-9DB0-B4D1678BD921}.Debug|Any CPU.Build.0 = Debug|Any CPU
		{822161B2-2618-4FE1-9DB0-B4D1678BD921}.Debug|Any CPU.Deploy.0 = Debug|Any CPU
		{822161B2-2618-4FE1-9DB0-B4D1678BD921}.Release|Any CPU.ActiveCfg = Release|Any CPU
		{822161B2-2618-4FE1-9DB0-B4D1678BD921}.Release|Any CPU.Build.0 = Release|Any CPU
		{822161B2-2618-4FE1-9DB0-B4D1678BD921}.Release|Any CPU.Deploy.0 = Release|Any CPU
		{10E642CB-8D5E-4A27-B17A-1A605FEBEF77}.Debug|Any CPU.ActiveCfg = Debug|Any CPU
		{10E642CB-8D5E-4A27-B17A-1A605FEBEF77}.Debug|Any CPU.Build.0 = Debug|Any CPU
		{10E642CB-8D5E-4A27-B17A-1A605FEBEF77}.Release|Any CPU.ActiveCfg = Release|Any CPU
		{10E642CB-8D5E-4A27-B17A-1A605FEBEF77}.Release|Any CPU.Build.0 = Release|Any CPU
		{0499DDB1-B0B2-46CC-B4F8-5F5005800604}.Debug|Any CPU.ActiveCfg = Debug|Any CPU
		{0499DDB1-B0B2-46CC-B4F8-5F5005800604}.Debug|Any CPU.Build.0 = Debug|Any CPU
		{0499DDB1-B0B2-46CC-B4F8-5F5005800604}.Release|Any CPU.ActiveCfg = Release|Any CPU
		{0499DDB1-B0B2-46CC-B4F8-5F5005800604}.Release|Any CPU.Build.0 = Release|Any CPU
		{1C7EC1D1-CF85-483A-86AE-1F3A945A751D}.Debug|Any CPU.ActiveCfg = Debug|Any CPU
		{1C7EC1D1-CF85-483A-86AE-1F3A945A751D}.Debug|Any CPU.Build.0 = Debug|Any CPU
		{1C7EC1D1-CF85-483A-86AE-1F3A945A751D}.Release|Any CPU.ActiveCfg = Release|Any CPU
		{1C7EC1D1-CF85-483A-86AE-1F3A945A751D}.Release|Any CPU.Build.0 = Release|Any CPU
	EndGlobalSection
	GlobalSection(SolutionProperties) = preSolution
		HideSolutionNode = FALSE
	EndGlobalSection
	GlobalSection(ExtensibilityGlobals) = postSolution
		SolutionGuid = {61F7FB11-1E47-470C-91E2-47F8143E1572}
	EndGlobalSection
EndGlobal
